
Microsoft Visual Studio Solution File, Format Version 12.00
# Visual Studio Version 16
VisualStudioVersion = 16.0.32602.291
MinimumVisualStudioVersion = 10.0.40219.1
Project("{FAE04EC0-301F-11D3-BF4B-00C04F79EFBC}") = "OOP_Lab2", "OOP_Lab2\OOP_Lab2.csproj", "{219E515E-922F-4275-BAA1-71348BCC9E23}"
EndProject
Global
	GlobalSection(SolutionConfigurationPlatforms) = preSolution
		Debug|Any CPU = Debug|Any CPU
		Release|Any CPU = Release|Any CPU
	EndGlobalSection
	GlobalSection(ProjectConfigurationPlatforms) = postSolution
		{219E515E-922F-4275-BAA1-71348BCC9E23}.Debug|Any CPU.ActiveCfg = Debug|Any CPU
		{219E515E-922F-4275-BAA1-71348BCC9E23}.Debug|Any CPU.Build.0 = Debug|Any CPU
		{219E515E-922F-4275-BAA1-71348BCC9E23}.Release|Any CPU.ActiveCfg = Release|Any CPU
		{219E515E-922F-4275-BAA1-71348BCC9E23}.Release|Any CPU.Build.0 = Release|Any CPU
	EndGlobalSection
	GlobalSection(SolutionProperties) = preSolution
		HideSolutionNode = FALSE
	EndGlobalSection
	GlobalSection(ExtensibilityGlobals) = postSolution
		SolutionGuid = {70D6348D-EB4F-4BA3-813B-D34E8D6E2349}
	EndGlobalSection
EndGlobal
